// !$*UTF8*$!
{
	archiveVersion = 1;
	classes = {
	};
	objectVersion = 46;
	objects = {

/* Begin PBXBuildFile section */
		2B1F4D201BD57750005C718B /* execute-command.c in Sources */ = {isa = PBXBuildFile; fileRef = 2B1F4D1E1BD57750005C718B /* execute-command.c */; };
		2B68F0791BC8BB9400C2AFB7 /* print-command.c in Sources */ = {isa = PBXBuildFile; fileRef = 2B68F0771BC8BB9400C2AFB7 /* print-command.c */; };
		2B68F07B1BC8BC4E00C2AFB7 /* read-command.c in Sources */ = {isa = PBXBuildFile; fileRef = 2B68F07A1BC8BC4E00C2AFB7 /* read-command.c */; };
		2B898CF01BC0669100B3FD81 /* main.c in Sources */ = {isa = PBXBuildFile; fileRef = 2B898CEF1BC0669100B3FD81 /* main.c */; };
		2B898CFA1BC12C6A00B3FD81 /* alloc.c in Sources */ = {isa = PBXBuildFile; fileRef = 2B898CF91BC12C6A00B3FD81 /* alloc.c */; };
/* End PBXBuildFile section */

/* Begin PBXCopyFilesBuildPhase section */
		2B898CEA1BC0669100B3FD81 /* CopyFiles */ = {
			isa = PBXCopyFilesBuildPhase;
			buildActionMask = 2147483647;
			dstPath = /usr/share/man/man1/;
			dstSubfolderSpec = 0;
			files = (
			);
			runOnlyForDeploymentPostprocessing = 1;
		};
/* End PBXCopyFilesBuildPhase section */

/* Begin PBXFileReference section */
		2B1F4D1E1BD57750005C718B /* execute-command.c */ = {isa = PBXFileReference; fileEncoding = 4; lastKnownFileType = sourcecode.c.c; path = "execute-command.c"; sourceTree = "<group>"; };
		2B68F0771BC8BB9400C2AFB7 /* print-command.c */ = {isa = PBXFileReference; fileEncoding = 4; lastKnownFileType = sourcecode.c.c; path = "print-command.c"; sourceTree = "<group>"; };
		2B68F07A1BC8BC4E00C2AFB7 /* read-command.c */ = {isa = PBXFileReference; fileEncoding = 4; lastKnownFileType = sourcecode.c.c; path = "read-command.c"; sourceTree = "<group>"; };
		2B898CEC1BC0669100B3FD81 /* cs111_practice */ = {isa = PBXFileReference; explicitFileType = "compiled.mach-o.executable"; includeInIndex = 0; path = cs111_practice; sourceTree = BUILT_PRODUCTS_DIR; };
		2B898CEF1BC0669100B3FD81 /* main.c */ = {isa = PBXFileReference; lastKnownFileType = sourcecode.c.c; path = main.c; sourceTree = "<group>"; };
		2B898CF61BC066C900B3FD81 /* command.h */ = {isa = PBXFileReference; lastKnownFileType = sourcecode.c.h; path = command.h; sourceTree = "<group>"; };
		2B898CF71BC0670200B3FD81 /* command-internals.h */ = {isa = PBXFileReference; lastKnownFileType = sourcecode.c.h; path = "command-internals.h"; sourceTree = "<group>"; };
		2B898CF81BC12C4A00B3FD81 /* alloc.h */ = {isa = PBXFileReference; lastKnownFileType = sourcecode.c.h; path = alloc.h; sourceTree = "<group>"; };
		2B898CF91BC12C6A00B3FD81 /* alloc.c */ = {isa = PBXFileReference; fileEncoding = 4; lastKnownFileType = sourcecode.c.c; path = alloc.c; sourceTree = "<group>"; };
/* End PBXFileReference section */

/* Begin PBXFrameworksBuildPhase section */
		2B898CE91BC0669100B3FD81 /* Frameworks */ = {
			isa = PBXFrameworksBuildPhase;
			buildActionMask = 2147483647;
			files = (
			);
			runOnlyForDeploymentPostprocessing = 0;
		};
/* End PBXFrameworksBuildPhase section */

/* Begin PBXGroup section */
		2B898CE31BC0669100B3FD81 = {
			isa = PBXGroup;
			children = (
				2B898CEE1BC0669100B3FD81 /* cs111_practice */,
				2B898CED1BC0669100B3FD81 /* Products */,
			);
			sourceTree = "<group>";
		};
		2B898CED1BC0669100B3FD81 /* Products */ = {
			isa = PBXGroup;
			children = (
				2B898CEC1BC0669100B3FD81 /* cs111_practice */,
			);
			name = Products;
			sourceTree = "<group>";
		};
		2B898CEE1BC0669100B3FD81 /* cs111_practice */ = {
			isa = PBXGroup;
			children = (
				2B898CEF1BC0669100B3FD81 /* main.c */,
				2B898CF61BC066C900B3FD81 /* command.h */,
				2B898CF71BC0670200B3FD81 /* command-internals.h */,
				2B898CF81BC12C4A00B3FD81 /* alloc.h */,
				2B68F0771BC8BB9400C2AFB7 /* print-command.c */,
				2B68F07A1BC8BC4E00C2AFB7 /* read-command.c */,
				2B1F4D1E1BD57750005C718B /* execute-command.c */,
				2B898CF91BC12C6A00B3FD81 /* alloc.c */,
			);
			path = cs111_practice;
			sourceTree = "<group>";
		};
/* End PBXGroup section */

/* Begin PBXNativeTarget section */
		2B898CEB1BC0669100B3FD81 /* cs111_practice */ = {
			isa = PBXNativeTarget;
			buildConfigurationList = 2B898CF31BC0669100B3FD81 /* Build configuration list for PBXNativeTarget "cs111_practice" */;
			buildPhases = (
				2B898CE81BC0669100B3FD81 /* Sources */,
				2B898CE91BC0669100B3FD81 /* Frameworks */,
				2B898CEA1BC0669100B3FD81 /* CopyFiles */,
			);
			buildRules = (
			);
			dependencies = (
			);
			name = cs111_practice;
			productName = cs111_practice;
			productReference = 2B898CEC1BC0669100B3FD81 /* cs111_practice */;
			productType = "com.apple.product-type.tool";
		};
/* End PBXNativeTarget section */

/* Begin PBXProject section */
		2B898CE41BC0669100B3FD81 /* Project object */ = {
			isa = PBXProject;
			attributes = {
				LastUpgradeCheck = 0630;
				ORGANIZATIONNAME = "Austin Lazaro";
				TargetAttributes = {
					2B898CEB1BC0669100B3FD81 = {
						CreatedOnToolsVersion = 6.3.2;
					};
				};
			};
			buildConfigurationList = 2B898CE71BC0669100B3FD81 /* Build configuration list for PBXProject "cs111_practice" */;
			compatibilityVersion = "Xcode 3.2";
			developmentRegion = English;
			hasScannedForEncodings = 0;
			knownRegions = (
				en,
			);
			mainGroup = 2B898CE31BC0669100B3FD81;
			productRefGroup = 2B898CED1BC0669100B3FD81 /* Products */;
			projectDirPath = "";
			projectRoot = "";
			targets = (
				2B898CEB1BC0669100B3FD81 /* cs111_practice */,
			);
		};
/* End PBXProject section */

/* Begin PBXSourcesBuildPhase section */
		2B898CE81BC0669100B3FD81 /* Sources */ = {
			isa = PBXSourcesBuildPhase;
			buildActionMask = 2147483647;
			files = (
				2B898CF01BC0669100B3FD81 /* main.c in Sources */,
				2B898CFA1BC12C6A00B3FD81 /* alloc.c in Sources */,
				2B68F0791BC8BB9400C2AFB7 /* print-command.c in Sources */,
				2B1F4D201BD57750005C718B /* execute-command.c in Sources */,
				2B68F07B1BC8BC4E00C2AFB7 /* read-command.c in Sources */,
			);
			runOnlyForDeploymentPostprocessing = 0;
		};
/* End PBXSourcesBuildPhase section */

/* Begin XCBuildConfiguration section */
		2B898CF11BC0669100B3FD81 /* Debug */ = {
			isa = XCBuildConfiguration;
			buildSettings = {
				ALWAYS_SEARCH_USER_PATHS = NO;
				CLANG_CXX_LANGUAGE_STANDARD = "gnu++0x";
				CLANG_CXX_LIBRARY = "libc++";
				CLANG_ENABLE_MODULES = YES;
				CLANG_ENABLE_OBJC_ARC = YES;
				CLANG_WARN_BOOL_CONVERSION = YES;
				CLANG_WARN_CONSTANT_CONVERSION = YES;
				CLANG_WARN_DIRECT_OBJC_ISA_USAGE = YES_ERROR;
				CLANG_WARN_EMPTY_BODY = YES;
				CLANG_WARN_ENUM_CONVERSION = YES;
				CLANG_WARN_INT_CONVERSION = YES;
				CLANG_WARN_OBJC_ROOT_CLASS = YES_ERROR;
				CLANG_WARN_UNREACHABLE_CODE = YES;
				CLANG_WARN__DUPLICATE_METHOD_MATCH = YES;
				COPY_PHASE_STRIP = NO;
				DEBUG_INFORMATION_FORMAT = dwarf;
				ENABLE_STRICT_OBJC_MSGSEND = YES;
				GCC_C_LANGUAGE_STANDARD = gnu99;
				GCC_DYNAMIC_NO_PIC = NO;
				GCC_NO_COMMON_BLOCKS = YES;
				GCC_OPTIMIZATION_LEVEL = 0;
				GCC_PREPROCESSOR_DEFINITIONS = (
					"DEBUG=1",
					"$(inherited)",
				);
				GCC_SYMBOLS_PRIVATE_EXTERN = NO;
				GCC_WARN_64_TO_32_BIT_CONVERSION = YES;
				GCC_WARN_ABOUT_RETURN_TYPE = YES_ERROR;
				GCC_WARN_UNDECLARED_SELECTOR = YES;
				GCC_WARN_UNINITIALIZED_AUTOS = YES_AGGRESSIVE;
				GCC_WARN_UNUSED_FUNCTION = YES;
				GCC_WARN_UNUSED_VARIABLE = YES;
				MACOSX_DEPLOYMENT_TARGET = 10.10;
				MTL_ENABLE_DEBUG_INFO = YES;
				ONLY_ACTIVE_ARCH = YES;
				SDKROOT = macosx;
			};
			name = Debug;
		};
		2B898CF21BC0669100B3FD81 /* Release */ = {
			isa = XCBuildConfiguration;
			buildSettings = {
				ALWAYS_SEARCH_USER_PATHS = NO;
				CLANG_CXX_LANGUAGE_STANDARD = "gnu++0x";
				CLANG_CXX_LIBRARY = "libc++";
				CLANG_ENABLE_MODULES = YES;
				CLANG_ENABLE_OBJC_ARC = YES;
				CLANG_WARN_BOOL_CONVERSION = YES;
				CLANG_WARN_CONSTANT_CONVERSION = YES;
				CLANG_WARN_DIRECT_OBJC_ISA_USAGE = YES_ERROR;
				CLANG_WARN_EMPTY_BODY = YES;
				CLANG_WARN_ENUM_CONVERSION = YES;
				CLANG_WARN_INT_CONVERSION = YES;
				CLANG_WARN_OBJC_ROOT_CLASS = YES_ERROR;
				CLANG_WARN_UNREACHABLE_CODE = YES;
				CLANG_WARN__DUPLICATE_METHOD_MATCH = YES;
				COPY_PHASE_STRIP = NO;
				DEBUG_INFORMATION_FORMAT = "dwarf-with-dsym";
				ENABLE_NS_ASSERTIONS = NO;
				ENABLE_STRICT_OBJC_MSGSEND = YES;
				GCC_C_LANGUAGE_STANDARD = gnu99;
				GCC_NO_COMMON_BLOCKS = YES;
				GCC_WARN_64_TO_32_BIT_CONVERSION = YES;
				GCC_WARN_ABOUT_RETURN_TYPE = YES_ERROR;
				GCC_WARN_UNDECLARED_SELECTOR = YES;
				GCC_WARN_UNINITIALIZED_AUTOS = YES_AGGRESSIVE;
				GCC_WARN_UNUSED_FUNCTION = YES;
				GCC_WARN_UNUSED_VARIABLE = YES;
				MACOSX_DEPLOYMENT_TARGET = 10.10;
				MTL_ENABLE_DEBUG_INFO = NO;
				SDKROOT = macosx;
			};
			name = Release;
		};
		2B898CF41BC0669100B3FD81 /* Debug */ = {
			isa = XCBuildConfiguration;
			buildSettings = {
				PRODUCT_NAME = "$(TARGET_NAME)";
			};
			name = Debug;
		};
		2B898CF51BC0669100B3FD81 /* Release */ = {
			isa = XCBuildConfiguration;
			buildSettings = {
				PRODUCT_NAME = "$(TARGET_NAME)";
			};
			name = Release;
		};
/* End XCBuildConfiguration section */

/* Begin XCConfigurationList section */
		2B898CE71BC0669100B3FD81 /* Build configuration list for PBXProject "cs111_practice" */ = {
			isa = XCConfigurationList;
			buildConfigurations = (
				2B898CF11BC0669100B3FD81 /* Debug */,
				2B898CF21BC0669100B3FD81 /* Release */,
			);
			defaultConfigurationIsVisible = 0;
			defaultConfigurationName = Release;
		};
		2B898CF31BC0669100B3FD81 /* Build configuration list for PBXNativeTarget "cs111_practice" */ = {
			isa = XCConfigurationList;
			buildConfigurations = (
				2B898CF41BC0669100B3FD81 /* Debug */,
				2B898CF51BC0669100B3FD81 /* Release */,
			);
			defaultConfigurationIsVisible = 0;
			defaultConfigurationName = Release;
		};
/* End XCConfigurationList section */
	};
	rootObject = 2B898CE41BC0669100B3FD81 /* Project object */;
}
